
Microsoft Visual Studio Solution File, Format Version 12.00
# Visual Studio 15
VisualStudioVersion = 15.0.28010.2016
MinimumVisualStudioVersion = 10.0.40219.1
Project("{FAE04EC0-301F-11D3-BF4B-00C04F79EFBC}") = "test1 GitHub", "test1 GitHub\test1 GitHub.csproj", "{05877099-619A-4502-B6B6-3032B2C09C02}"
EndProject
Global
	GlobalSection(SolutionConfigurationPlatforms) = preSolution
		Debug|Any CPU = Debug|Any CPU
		Release|Any CPU = Release|Any CPU
	EndGlobalSection
	GlobalSection(ProjectConfigurationPlatforms) = postSolution
		{05877099-619A-4502-B6B6-3032B2C09C02}.Debug|Any CPU.ActiveCfg = Debug|Any CPU
		{05877099-619A-4502-B6B6-3032B2C09C02}.Debug|Any CPU.Build.0 = Debug|Any CPU
		{05877099-619A-4502-B6B6-3032B2C09C02}.Release|Any CPU.ActiveCfg = Release|Any CPU
		{05877099-619A-4502-B6B6-3032B2C09C02}.Release|Any CPU.Build.0 = Release|Any CPU
	EndGlobalSection
	GlobalSection(SolutionProperties) = preSolution
		HideSolutionNode = FALSE
	EndGlobalSection
	GlobalSection(ExtensibilityGlobals) = postSolution
		SolutionGuid = {49D4F922-4F3F-47E6-BBE0-76C4940EE816}
	EndGlobalSection
EndGlobal
